{
  "object": {
    "pins": [
      {
        "package": "Bluetooth",
        "repositoryURL": "https://github.com/PureSwift/Bluetooth.git",
        "state": {
          "branch": null,
          "revision": "4928f3592b9770be1d5997e57dcc218cc779667d",
          "version": "2.2.2"
        }
      },
      {
        "package": "BluetoothLinux",
        "repositoryURL": "https://github.com/PureSwift/BluetoothLinux.git",
        "state": {
          "branch": null,
          "revision": "b63ac955dcb2ab3cdf76fecea6df3ca31198a25f",
          "version": "3.1.2"
        }
      },
      {
        "package": "GATT",
        "repositoryURL": "https://github.com/PureSwift/GATT.git",
        "state": {
          "branch": null,
          "revision": "7bb6edfdc31654054d9ce3dfcea831942af0f5ba",
          "version": "2.1.1"
        }
      },
      {
        "package": "ZIPFoundation",
        "repositoryURL": "https://github.com/PureSwift/Zip.git",
        "state": {
          "branch": null,
          "revision": "9151c7efd1c2148004174eb596f66be95bcf199b",
          "version": "1.0.0"
        }
      }
    ]
  },
  "version": 1
}
