{
  "object": {
    "pins": [
      {
        "package": "Bluetooth",
        "repositoryURL": "https://github.com/PureSwift/Bluetooth.git",
        "state": {
          "branch": "master",
          "revision": "d42eeb2ceeaa9b0f9dc6393df6ab4fd40915c1f9",
          "version": null
        }
      },
      {
        "package": "BluetoothLinux",
        "repositoryURL": "https://github.com/PureSwift/BluetoothLinux.git",
        "state": {
          "branch": "master",
          "revision": "8be972044ebf59ddc35ad890d4cd3e99f7803a5c",
          "version": null
        }
      },
      {
        "package": "GATT",
        "repositoryURL": "https://github.com/PureSwift/GATT.git",
        "state": {
          "branch": "master",
          "revision": "3c8b4265d8c66bebe73996ef5b53e0659e02ab76",
          "version": null
        }
      },
      {
        "package": "ZIPFoundation",
        "repositoryURL": "https://github.com/PureSwift/Zip.git",
        "state": {
          "branch": "master",
          "revision": "edbeaa39b426e54702194b0a601342322f01e400",
          "version": null
        }
      }
    ]
  },
  "version": 1
}
